<?xml version="1.0" encoding="utf-8"?>
<Project ToolsVersion="4.0" xmlns="http://schemas.microsoft.com/developer/msbuild/2003">
  <ItemGroup>
    <Filter Include="Source Files">
      <UniqueIdentifier>{4FC737F1-C7A5-4376-A066-2A32D752A2FF}</UniqueIdentifier>
      <Extensions>cpp;c;cc;cxx;c++;cppm;ixx;def;odl;idl;hpj;bat;asm;asmx</Extensions>
    </Filter>
    <Filter Include="ShaderStuff">
      <UniqueIdentifier>{bb68c0b0-4402-4772-9de0-db8e8ceb4ae4}</UniqueIdentifier>
    </Filter>
    <Filter Include="Headers">
      <UniqueIdentifier>{e95cb5b8-50bc-48ad-8867-47bb640f65b9}</UniqueIdentifier>
    </Filter>
    <Filter Include="VAOManager">
      <UniqueIdentifier>{ce6a8d83-8313-4ea0-aafd-5d72e7702a4a}</UniqueIdentifier>
    </Filter>
    <Filter Include="LightManager">
      <UniqueIdentifier>{8fce6fde-bc71-46ca-be7b-6dbb909814c0}</UniqueIdentifier>
    </Filter>
  </ItemGroup>
  <ItemGroup>
    <ClCompile Include="theMain.cpp">
      <Filter>Source Files</Filter>
    </ClCompile>
    <ClCompile Include="glad.c">
      <Filter>Source Files</Filter>
    </ClCompile>
    <ClCompile Include="cShaderManager\cShader.cpp">
      <Filter>ShaderStuff</Filter>
    </ClCompile>
    <ClCompile Include="cShaderManager\cShaderManager.cpp">
      <Filter>ShaderStuff</Filter>
    </ClCompile>
    <ClCompile Include="cVAOManager\cVAOManager.cpp">
      <Filter>VAOManager</Filter>
    </ClCompile>
    <ClCompile Include="cLightManager.cpp">
      <Filter>LightManager</Filter>
    </ClCompile>
    <ClCompile Include="IOHandlers.cpp">
      <Filter>Source Files</Filter>
    </ClCompile>
    <ClCompile Include="cLightHelper.cpp">
      <Filter>LightManager</Filter>
    </ClCompile>
  </ItemGroup>
  <ItemGroup>
    <ClInclude Include="cShaderManager\cShaderManager.h">
      <Filter>ShaderStuff</Filter>
    </ClInclude>
    <ClInclude Include="globalStuff.h">
      <Filter>Headers</Filter>
    </ClInclude>
    <ClInclude Include="cVAOManager\cVAOManager.h">
      <Filter>VAOManager</Filter>
    </ClInclude>
    <ClInclude Include="cMeshObject.h" />
    <ClInclude Include="cLightManager.h">
      <Filter>LightManager</Filter>
    </ClInclude>
    <ClInclude Include="cLightHelper.h">
      <Filter>LightManager</Filter>
    </ClInclude>
  </ItemGroup>
  <ItemGroup>
    <None Include="assets\shaders\fragmentShader01.glsl">
      <Filter>ShaderStuff</Filter>
    </None>
    <None Include="assets\shaders\vertexShader01.glsl">
      <Filter>ShaderStuff</Filter>
    </None>
  </ItemGroup>
</Project>